
Microsoft Visual Studio Solution File, Format Version 12.00
# Visual Studio 15
VisualStudioVersion = 15.0.28010.2036
MinimumVisualStudioVersion = 10.0.40219.1
Project("{9A19103F-16F7-4668-BE54-9A1E7A4F7556}") = "BikeDataVisualizer", "BikeDataVisualizer.csproj", "{91AB0BDF-501A-41A3-A1D5-FE5EF8402BD4}"
EndProject
Global
	GlobalSection(SolutionConfigurationPlatforms) = preSolution
		Debug|Any CPU = Debug|Any CPU
		Release|Any CPU = Release|Any CPU
	EndGlobalSection
	GlobalSection(ProjectConfigurationPlatforms) = postSolution
		{91AB0BDF-501A-41A3-A1D5-FE5EF8402BD4}.Debug|Any CPU.ActiveCfg = Debug|Any CPU
		{91AB0BDF-501A-41A3-A1D5-FE5EF8402BD4}.Debug|Any CPU.Build.0 = Debug|Any CPU
		{91AB0BDF-501A-41A3-A1D5-FE5EF8402BD4}.Release|Any CPU.ActiveCfg = Release|Any CPU
		{91AB0BDF-501A-41A3-A1D5-FE5EF8402BD4}.Release|Any CPU.Build.0 = Release|Any CPU
	EndGlobalSection
	GlobalSection(SolutionProperties) = preSolution
		HideSolutionNode = FALSE
	EndGlobalSection
	GlobalSection(ExtensibilityGlobals) = postSolution
		SolutionGuid = {AA33DAC0-1E67-42BC-B177-E72C75FA989D}
	EndGlobalSection
EndGlobal
